// !$*UTF8*$!
{
	archiveVersion = 1;
	classes = {
	};
	objectVersion = 50;
	objects = {

/* Begin PBXBuildFile section */
		D01E4A6926B36BC900ACBBAD /* AppDelegate.swift in Sources */ = {isa = PBXBuildFile; fileRef = D01E4A6826B36BC900ACBBAD /* AppDelegate.swift */; };
		D01E4A6B26B36BC900ACBBAD /* SceneDelegate.swift in Sources */ = {isa = PBXBuildFile; fileRef = D01E4A6A26B36BC900ACBBAD /* SceneDelegate.swift */; };
		D01E4A6D26B36BC900ACBBAD /* ViewController.swift in Sources */ = {isa = PBXBuildFile; fileRef = D01E4A6C26B36BC900ACBBAD /* ViewController.swift */; };
		D01E4A7026B36BC900ACBBAD /* Main.storyboard in Resources */ = {isa = PBXBuildFile; fileRef = D01E4A6E26B36BC900ACBBAD /* Main.storyboard */; };
		D01E4A7226B36BCD00ACBBAD /* Assets.xcassets in Resources */ = {isa = PBXBuildFile; fileRef = D01E4A7126B36BCD00ACBBAD /* Assets.xcassets */; };
		D01E4A7526B36BCD00ACBBAD /* LaunchScreen.storyboard in Resources */ = {isa = PBXBuildFile; fileRef = D01E4A7326B36BCD00ACBBAD /* LaunchScreen.storyboard */; };
		D01E4A8026B36BCE00ACBBAD /* FoodRecipeTests.swift in Sources */ = {isa = PBXBuildFile; fileRef = D01E4A7F26B36BCE00ACBBAD /* FoodRecipeTests.swift */; };
		D01E4A8B26B36BCE00ACBBAD /* FoodRecipeUITests.swift in Sources */ = {isa = PBXBuildFile; fileRef = D01E4A8A26B36BCE00ACBBAD /* FoodRecipeUITests.swift */; };
/* End PBXBuildFile section */

/* Begin PBXContainerItemProxy section */
		D01E4A7C26B36BCE00ACBBAD /* PBXContainerItemProxy */ = {
			isa = PBXContainerItemProxy;
			containerPortal = D01E4A5D26B36BC900ACBBAD /* Project object */;
			proxyType = 1;
			remoteGlobalIDString = D01E4A6426B36BC900ACBBAD;
			remoteInfo = FoodRecipe;
		};
		D01E4A8726B36BCE00ACBBAD /* PBXContainerItemProxy */ = {
			isa = PBXContainerItemProxy;
			containerPortal = D01E4A5D26B36BC900ACBBAD /* Project object */;
			proxyType = 1;
			remoteGlobalIDString = D01E4A6426B36BC900ACBBAD;
			remoteInfo = FoodRecipe;
		};
/* End PBXContainerItemProxy section */

/* Begin PBXFileReference section */
		D01E4A6526B36BC900ACBBAD /* FoodRecipe.app */ = {isa = PBXFileReference; explicitFileType = wrapper.application; includeInIndex = 0; path = FoodRecipe.app; sourceTree = BUILT_PRODUCTS_DIR; };
		D01E4A6826B36BC900ACBBAD /* AppDelegate.swift */ = {isa = PBXFileReference; lastKnownFileType = sourcecode.swift; path = AppDelegate.swift; sourceTree = "<group>"; };
		D01E4A6A26B36BC900ACBBAD /* SceneDelegate.swift */ = {isa = PBXFileReference; lastKnownFileType = sourcecode.swift; path = SceneDelegate.swift; sourceTree = "<group>"; };
		D01E4A6C26B36BC900ACBBAD /* ViewController.swift */ = {isa = PBXFileReference; lastKnownFileType = sourcecode.swift; path = ViewController.swift; sourceTree = "<group>"; };
		D01E4A6F26B36BC900ACBBAD /* Base */ = {isa = PBXFileReference; lastKnownFileType = file.storyboard; name = Base; path = Base.lproj/Main.storyboard; sourceTree = "<group>"; };
		D01E4A7126B36BCD00ACBBAD /* Assets.xcassets */ = {isa = PBXFileReference; lastKnownFileType = folder.assetcatalog; path = Assets.xcassets; sourceTree = "<group>"; };
		D01E4A7426B36BCD00ACBBAD /* Base */ = {isa = PBXFileReference; lastKnownFileType = file.storyboard; name = Base; path = Base.lproj/LaunchScreen.storyboard; sourceTree = "<group>"; };
		D01E4A7626B36BCD00ACBBAD /* Info.plist */ = {isa = PBXFileReference; lastKnownFileType = text.plist.xml; path = Info.plist; sourceTree = "<group>"; };
		D01E4A7B26B36BCE00ACBBAD /* FoodRecipeTests.xctest */ = {isa = PBXFileReference; explicitFileType = wrapper.cfbundle; includeInIndex = 0; path = FoodRecipeTests.xctest; sourceTree = BUILT_PRODUCTS_DIR; };
		D01E4A7F26B36BCE00ACBBAD /* FoodRecipeTests.swift */ = {isa = PBXFileReference; lastKnownFileType = sourcecode.swift; path = FoodRecipeTests.swift; sourceTree = "<group>"; };
		D01E4A8126B36BCE00ACBBAD /* Info.plist */ = {isa = PBXFileReference; lastKnownFileType = text.plist.xml; path = Info.plist; sourceTree = "<group>"; };
		D01E4A8626B36BCE00ACBBAD /* FoodRecipeUITests.xctest */ = {isa = PBXFileReference; explicitFileType = wrapper.cfbundle; includeInIndex = 0; path = FoodRecipeUITests.xctest; sourceTree = BUILT_PRODUCTS_DIR; };
		D01E4A8A26B36BCE00ACBBAD /* FoodRecipeUITests.swift */ = {isa = PBXFileReference; lastKnownFileType = sourcecode.swift; path = FoodRecipeUITests.swift; sourceTree = "<group>"; };
		D01E4A8C26B36BCE00ACBBAD /* Info.plist */ = {isa = PBXFileReference; lastKnownFileType = text.plist.xml; path = Info.plist; sourceTree = "<group>"; };
/* End PBXFileReference section */

/* Begin PBXFrameworksBuildPhase section */
		D01E4A6226B36BC900ACBBAD /* Frameworks */ = {
			isa = PBXFrameworksBuildPhase;
			buildActionMask = 2147483647;
			files = (
			);
			runOnlyForDeploymentPostprocessing = 0;
		};
		D01E4A7826B36BCE00ACBBAD /* Frameworks */ = {
			isa = PBXFrameworksBuildPhase;
			buildActionMask = 2147483647;
			files = (
			);
			runOnlyForDeploymentPostprocessing = 0;
		};
		D01E4A8326B36BCE00ACBBAD /* Frameworks */ = {
			isa = PBXFrameworksBuildPhase;
			buildActionMask = 2147483647;
			files = (
			);
			runOnlyForDeploymentPostprocessing = 0;
		};
/* End PBXFrameworksBuildPhase section */

/* Begin PBXGroup section */
		D01E4A5C26B36BC900ACBBAD = {
			isa = PBXGroup;
			children = (
				D01E4A6726B36BC900ACBBAD /* FoodRecipe */,
				D01E4A7E26B36BCE00ACBBAD /* FoodRecipeTests */,
				D01E4A8926B36BCE00ACBBAD /* FoodRecipeUITests */,
				D01E4A6626B36BC900ACBBAD /* Products */,
			);
			sourceTree = "<group>";
		};
		D01E4A6626B36BC900ACBBAD /* Products */ = {
			isa = PBXGroup;
			children = (
				D01E4A6526B36BC900ACBBAD /* FoodRecipe.app */,
				D01E4A7B26B36BCE00ACBBAD /* FoodRecipeTests.xctest */,
				D01E4A8626B36BCE00ACBBAD /* FoodRecipeUITests.xctest */,
			);
			name = Products;
			sourceTree = "<group>";
		};
		D01E4A6726B36BC900ACBBAD /* FoodRecipe */ = {
			isa = PBXGroup;
			children = (
				D01E4A6826B36BC900ACBBAD /* AppDelegate.swift */,
				D01E4A6A26B36BC900ACBBAD /* SceneDelegate.swift */,
				D01E4A6C26B36BC900ACBBAD /* ViewController.swift */,
				D01E4A6E26B36BC900ACBBAD /* Main.storyboard */,
				D01E4A7126B36BCD00ACBBAD /* Assets.xcassets */,
				D01E4A7326B36BCD00ACBBAD /* LaunchScreen.storyboard */,
				D01E4A7626B36BCD00ACBBAD /* Info.plist */,
			);
			path = FoodRecipe;
			sourceTree = "<group>";
		};
		D01E4A7E26B36BCE00ACBBAD /* FoodRecipeTests */ = {
			isa = PBXGroup;
			children = (
				D01E4A7F26B36BCE00ACBBAD /* FoodRecipeTests.swift */,
				D01E4A8126B36BCE00ACBBAD /* Info.plist */,
			);
			path = FoodRecipeTests;
			sourceTree = "<group>";
		};
		D01E4A8926B36BCE00ACBBAD /* FoodRecipeUITests */ = {
			isa = PBXGroup;
			children = (
				D01E4A8A26B36BCE00ACBBAD /* FoodRecipeUITests.swift */,
				D01E4A8C26B36BCE00ACBBAD /* Info.plist */,
			);
			path = FoodRecipeUITests;
			sourceTree = "<group>";
		};
/* End PBXGroup section */

/* Begin PBXNativeTarget section */
		D01E4A6426B36BC900ACBBAD /* FoodRecipe */ = {
			isa = PBXNativeTarget;
			buildConfigurationList = D01E4A8F26B36BCE00ACBBAD /* Build configuration list for PBXNativeTarget "FoodRecipe" */;
			buildPhases = (
				D01E4A6126B36BC900ACBBAD /* Sources */,
				D01E4A6226B36BC900ACBBAD /* Frameworks */,
				D01E4A6326B36BC900ACBBAD /* Resources */,
			);
			buildRules = (
			);
			dependencies = (
			);
			name = FoodRecipe;
			productName = FoodRecipe;
			productReference = D01E4A6526B36BC900ACBBAD /* FoodRecipe.app */;
			productType = "com.apple.product-type.application";
		};
		D01E4A7A26B36BCE00ACBBAD /* FoodRecipeTests */ = {
			isa = PBXNativeTarget;
			buildConfigurationList = D01E4A9226B36BCE00ACBBAD /* Build configuration list for PBXNativeTarget "FoodRecipeTests" */;
			buildPhases = (
				D01E4A7726B36BCE00ACBBAD /* Sources */,
				D01E4A7826B36BCE00ACBBAD /* Frameworks */,
				D01E4A7926B36BCE00ACBBAD /* Resources */,
			);
			buildRules = (
			);
			dependencies = (
				D01E4A7D26B36BCE00ACBBAD /* PBXTargetDependency */,
			);
			name = FoodRecipeTests;
			productName = FoodRecipeTests;
			productReference = D01E4A7B26B36BCE00ACBBAD /* FoodRecipeTests.xctest */;
			productType = "com.apple.product-type.bundle.unit-test";
		};
		D01E4A8526B36BCE00ACBBAD /* FoodRecipeUITests */ = {
			isa = PBXNativeTarget;
			buildConfigurationList = D01E4A9526B36BCE00ACBBAD /* Build configuration list for PBXNativeTarget "FoodRecipeUITests" */;
			buildPhases = (
				D01E4A8226B36BCE00ACBBAD /* Sources */,
				D01E4A8326B36BCE00ACBBAD /* Frameworks */,
				D01E4A8426B36BCE00ACBBAD /* Resources */,
			);
			buildRules = (
			);
			dependencies = (
				D01E4A8826B36BCE00ACBBAD /* PBXTargetDependency */,
			);
			name = FoodRecipeUITests;
			productName = FoodRecipeUITests;
			productReference = D01E4A8626B36BCE00ACBBAD /* FoodRecipeUITests.xctest */;
			productType = "com.apple.product-type.bundle.ui-testing";
		};
/* End PBXNativeTarget section */

/* Begin PBXProject section */
		D01E4A5D26B36BC900ACBBAD /* Project object */ = {
			isa = PBXProject;
			attributes = {
				LastSwiftUpdateCheck = 1250;
				LastUpgradeCheck = 1250;
				TargetAttributes = {
					D01E4A6426B36BC900ACBBAD = {
						CreatedOnToolsVersion = 12.5.1;
					};
					D01E4A7A26B36BCE00ACBBAD = {
						CreatedOnToolsVersion = 12.5.1;
						TestTargetID = D01E4A6426B36BC900ACBBAD;
					};
					D01E4A8526B36BCE00ACBBAD = {
						CreatedOnToolsVersion = 12.5.1;
						TestTargetID = D01E4A6426B36BC900ACBBAD;
					};
				};
			};
			buildConfigurationList = D01E4A6026B36BC900ACBBAD /* Build configuration list for PBXProject "FoodRecipe" */;
			compatibilityVersion = "Xcode 9.3";
			developmentRegion = en;
			hasScannedForEncodings = 0;
			knownRegions = (
				en,
				Base,
			);
			mainGroup = D01E4A5C26B36BC900ACBBAD;
			productRefGroup = D01E4A6626B36BC900ACBBAD /* Products */;
			projectDirPath = "";
			projectRoot = "";
			targets = (
				D01E4A6426B36BC900ACBBAD /* FoodRecipe */,
				D01E4A7A26B36BCE00ACBBAD /* FoodRecipeTests */,
				D01E4A8526B36BCE00ACBBAD /* FoodRecipeUITests */,
			);
		};
/* End PBXProject section */

/* Begin PBXResourcesBuildPhase section */
		D01E4A6326B36BC900ACBBAD /* Resources */ = {
			isa = PBXResourcesBuildPhase;
			buildActionMask = 2147483647;
			files = (
				D01E4A7526B36BCD00ACBBAD /* LaunchScreen.storyboard in Resources */,
				D01E4A7226B36BCD00ACBBAD /* Assets.xcassets in Resources */,
				D01E4A7026B36BC900ACBBAD /* Main.storyboard in Resources */,
			);
			runOnlyForDeploymentPostprocessing = 0;
		};
		D01E4A7926B36BCE00ACBBAD /* Resources */ = {
			isa = PBXResourcesBuildPhase;
			buildActionMask = 2147483647;
			files = (
			);
			runOnlyForDeploymentPostprocessing = 0;
		};
		D01E4A8426B36BCE00ACBBAD /* Resources */ = {
			isa = PBXResourcesBuildPhase;
			buildActionMask = 2147483647;
			files = (
			);
			runOnlyForDeploymentPostprocessing = 0;
		};
/* End PBXResourcesBuildPhase section */

/* Begin PBXSourcesBuildPhase section */
		D01E4A6126B36BC900ACBBAD /* Sources */ = {
			isa = PBXSourcesBuildPhase;
			buildActionMask = 2147483647;
			files = (
				D01E4A6D26B36BC900ACBBAD /* ViewController.swift in Sources */,
				D01E4A6926B36BC900ACBBAD /* AppDelegate.swift in Sources */,
				D01E4A6B26B36BC900ACBBAD /* SceneDelegate.swift in Sources */,
			);
			runOnlyForDeploymentPostprocessing = 0;
		};
		D01E4A7726B36BCE00ACBBAD /* Sources */ = {
			isa = PBXSourcesBuildPhase;
			buildActionMask = 2147483647;
			files = (
				D01E4A8026B36BCE00ACBBAD /* FoodRecipeTests.swift in Sources */,
			);
			runOnlyForDeploymentPostprocessing = 0;
		};
		D01E4A8226B36BCE00ACBBAD /* Sources */ = {
			isa = PBXSourcesBuildPhase;
			buildActionMask = 2147483647;
			files = (
				D01E4A8B26B36BCE00ACBBAD /* FoodRecipeUITests.swift in Sources */,
			);
			runOnlyForDeploymentPostprocessing = 0;
		};
/* End PBXSourcesBuildPhase section */

/* Begin PBXTargetDependency section */
		D01E4A7D26B36BCE00ACBBAD /* PBXTargetDependency */ = {
			isa = PBXTargetDependency;
			target = D01E4A6426B36BC900ACBBAD /* FoodRecipe */;
			targetProxy = D01E4A7C26B36BCE00ACBBAD /* PBXContainerItemProxy */;
		};
		D01E4A8826B36BCE00ACBBAD /* PBXTargetDependency */ = {
			isa = PBXTargetDependency;
			target = D01E4A6426B36BC900ACBBAD /* FoodRecipe */;
			targetProxy = D01E4A8726B36BCE00ACBBAD /* PBXContainerItemProxy */;
		};
/* End PBXTargetDependency section */

/* Begin PBXVariantGroup section */
		D01E4A6E26B36BC900ACBBAD /* Main.storyboard */ = {
			isa = PBXVariantGroup;
			children = (
				D01E4A6F26B36BC900ACBBAD /* Base */,
			);
			name = Main.storyboard;
			sourceTree = "<group>";
		};
		D01E4A7326B36BCD00ACBBAD /* LaunchScreen.storyboard */ = {
			isa = PBXVariantGroup;
			children = (
				D01E4A7426B36BCD00ACBBAD /* Base */,
			);
			name = LaunchScreen.storyboard;
			sourceTree = "<group>";
		};
/* End PBXVariantGroup section */

/* Begin XCBuildConfiguration section */
		D01E4A8D26B36BCE00ACBBAD /* Debug */ = {
			isa = XCBuildConfiguration;
			buildSettings = {
				ALWAYS_SEARCH_USER_PATHS = NO;
				CLANG_ANALYZER_NONNULL = YES;
				CLANG_ANALYZER_NUMBER_OBJECT_CONVERSION = YES_AGGRESSIVE;
				CLANG_CXX_LANGUAGE_STANDARD = "gnu++14";
				CLANG_CXX_LIBRARY = "libc++";
				CLANG_ENABLE_MODULES = YES;
				CLANG_ENABLE_OBJC_ARC = YES;
				CLANG_ENABLE_OBJC_WEAK = YES;
				CLANG_WARN_BLOCK_CAPTURE_AUTORELEASING = YES;
				CLANG_WARN_BOOL_CONVERSION = YES;
				CLANG_WARN_COMMA = YES;
				CLANG_WARN_CONSTANT_CONVERSION = YES;
				CLANG_WARN_DEPRECATED_OBJC_IMPLEMENTATIONS = YES;
				CLANG_WARN_DIRECT_OBJC_ISA_USAGE = YES_ERROR;
				CLANG_WARN_DOCUMENTATION_COMMENTS = YES;
				CLANG_WARN_EMPTY_BODY = YES;
				CLANG_WARN_ENUM_CONVERSION = YES;
				CLANG_WARN_INFINITE_RECURSION = YES;
				CLANG_WARN_INT_CONVERSION = YES;
				CLANG_WARN_NON_LITERAL_NULL_CONVERSION = YES;
				CLANG_WARN_OBJC_IMPLICIT_RETAIN_SELF = YES;
				CLANG_WARN_OBJC_LITERAL_CONVERSION = YES;
				CLANG_WARN_OBJC_ROOT_CLASS = YES_ERROR;
				CLANG_WARN_QUOTED_INCLUDE_IN_FRAMEWORK_HEADER = YES;
				CLANG_WARN_RANGE_LOOP_ANALYSIS = YES;
				CLANG_WARN_STRICT_PROTOTYPES = YES;
				CLANG_WARN_SUSPICIOUS_MOVE = YES;
				CLANG_WARN_UNGUARDED_AVAILABILITY = YES_AGGRESSIVE;
				CLANG_WARN_UNREACHABLE_CODE = YES;
				CLANG_WARN__DUPLICATE_METHOD_MATCH = YES;
				COPY_PHASE_STRIP = NO;
				DEBUG_INFORMATION_FORMAT = dwarf;
				ENABLE_STRICT_OBJC_MSGSEND = YES;
				ENABLE_TESTABILITY = YES;
				GCC_C_LANGUAGE_STANDARD = gnu11;
				GCC_DYNAMIC_NO_PIC = NO;
				GCC_NO_COMMON_BLOCKS = YES;
				GCC_OPTIMIZATION_LEVEL = 0;
				GCC_PREPROCESSOR_DEFINITIONS = (
					"DEBUG=1",
					"$(inherited)",
				);
				GCC_WARN_64_TO_32_BIT_CONVERSION = YES;
				GCC_WARN_ABOUT_RETURN_TYPE = YES_ERROR;
				GCC_WARN_UNDECLARED_SELECTOR = YES;
				GCC_WARN_UNINITIALIZED_AUTOS = YES_AGGRESSIVE;
				GCC_WARN_UNUSED_FUNCTION = YES;
				GCC_WARN_UNUSED_VARIABLE = YES;
				IPHONEOS_DEPLOYMENT_TARGET = 14.5;
				MTL_ENABLE_DEBUG_INFO = INCLUDE_SOURCE;
				MTL_FAST_MATH = YES;
				ONLY_ACTIVE_ARCH = YES;
				SDKROOT = iphoneos;
				SWIFT_ACTIVE_COMPILATION_CONDITIONS = DEBUG;
				SWIFT_OPTIMIZATION_LEVEL = "-Onone";
			};
			name = Debug;
		};
		D01E4A8E26B36BCE00ACBBAD /* Release */ = {
			isa = XCBuildConfiguration;
			buildSettings = {
				ALWAYS_SEARCH_USER_PATHS = NO;
				CLANG_ANALYZER_NONNULL = YES;
				CLANG_ANALYZER_NUMBER_OBJECT_CONVERSION = YES_AGGRESSIVE;
				CLANG_CXX_LANGUAGE_STANDARD = "gnu++14";
				CLANG_CXX_LIBRARY = "libc++";
				CLANG_ENABLE_MODULES = YES;
				CLANG_ENABLE_OBJC_ARC = YES;
				CLANG_ENABLE_OBJC_WEAK = YES;
				CLANG_WARN_BLOCK_CAPTURE_AUTORELEASING = YES;
				CLANG_WARN_BOOL_CONVERSION = YES;
				CLANG_WARN_COMMA = YES;
				CLANG_WARN_CONSTANT_CONVERSION = YES;
				CLANG_WARN_DEPRECATED_OBJC_IMPLEMENTATIONS = YES;
				CLANG_WARN_DIRECT_OBJC_ISA_USAGE = YES_ERROR;
				CLANG_WARN_DOCUMENTATION_COMMENTS = YES;
				CLANG_WARN_EMPTY_BODY = YES;
				CLANG_WARN_ENUM_CONVERSION = YES;
				CLANG_WARN_INFINITE_RECURSION = YES;
				CLANG_WARN_INT_CONVERSION = YES;
				CLANG_WARN_NON_LITERAL_NULL_CONVERSION = YES;
				CLANG_WARN_OBJC_IMPLICIT_RETAIN_SELF = YES;
				CLANG_WARN_OBJC_LITERAL_CONVERSION = YES;
				CLANG_WARN_OBJC_ROOT_CLASS = YES_ERROR;
				CLANG_WARN_QUOTED_INCLUDE_IN_FRAMEWORK_HEADER = YES;
				CLANG_WARN_RANGE_LOOP_ANALYSIS = YES;
				CLANG_WARN_STRICT_PROTOTYPES = YES;
				CLANG_WARN_SUSPICIOUS_MOVE = YES;
				CLANG_WARN_UNGUARDED_AVAILABILITY = YES_AGGRESSIVE;
				CLANG_WARN_UNREACHABLE_CODE = YES;
				CLANG_WARN__DUPLICATE_METHOD_MATCH = YES;
				COPY_PHASE_STRIP = NO;
				DEBUG_INFORMATION_FORMAT = "dwarf-with-dsym";
				ENABLE_NS_ASSERTIONS = NO;
				ENABLE_STRICT_OBJC_MSGSEND = YES;
				GCC_C_LANGUAGE_STANDARD = gnu11;
				GCC_NO_COMMON_BLOCKS = YES;
				GCC_WARN_64_TO_32_BIT_CONVERSION = YES;
				GCC_WARN_ABOUT_RETURN_TYPE = YES_ERROR;
				GCC_WARN_UNDECLARED_SELECTOR = YES;
				GCC_WARN_UNINITIALIZED_AUTOS = YES_AGGRESSIVE;
				GCC_WARN_UNUSED_FUNCTION = YES;
				GCC_WARN_UNUSED_VARIABLE = YES;
				IPHONEOS_DEPLOYMENT_TARGET = 14.5;
				MTL_ENABLE_DEBUG_INFO = NO;
				MTL_FAST_MATH = YES;
				SDKROOT = iphoneos;
				SWIFT_COMPILATION_MODE = wholemodule;
				SWIFT_OPTIMIZATION_LEVEL = "-O";
				VALIDATE_PRODUCT = YES;
			};
			name = Release;
		};
		D01E4A9026B36BCE00ACBBAD /* Debug */ = {
			isa = XCBuildConfiguration;
			buildSettings = {
				ASSETCATALOG_COMPILER_APPICON_NAME = AppIcon;
				ASSETCATALOG_COMPILER_GLOBAL_ACCENT_COLOR_NAME = AccentColor;
				CODE_SIGN_STYLE = Automatic;
				DEVELOPMENT_TEAM = AE8YM33757;
				INFOPLIST_FILE = FoodRecipe/Info.plist;
				LD_RUNPATH_SEARCH_PATHS = (
					"$(inherited)",
					"@executable_path/Frameworks",
				);
				PRODUCT_BUNDLE_IDENTIFIER = com.techcribs.FoodRecipe;
				PRODUCT_NAME = "$(TARGET_NAME)";
				SWIFT_VERSION = 5.0;
				TARGETED_DEVICE_FAMILY = "1,2";
			};
			name = Debug;
		};
		D01E4A9126B36BCE00ACBBAD /* Release */ = {
			isa = XCBuildConfiguration;
			buildSettings = {
				ASSETCATALOG_COMPILER_APPICON_NAME = AppIcon;
				ASSETCATALOG_COMPILER_GLOBAL_ACCENT_COLOR_NAME = AccentColor;
				CODE_SIGN_STYLE = Automatic;
				DEVELOPMENT_TEAM = AE8YM33757;
				INFOPLIST_FILE = FoodRecipe/Info.plist;
				LD_RUNPATH_SEARCH_PATHS = (
					"$(inherited)",
					"@executable_path/Frameworks",
				);
				PRODUCT_BUNDLE_IDENTIFIER = com.techcribs.FoodRecipe;
				PRODUCT_NAME = "$(TARGET_NAME)";
				SWIFT_VERSION = 5.0;
				TARGETED_DEVICE_FAMILY = "1,2";
			};
			name = Release;
		};
		D01E4A9326B36BCE00ACBBAD /* Debug */ = {
			isa = XCBuildConfiguration;
			buildSettings = {
				ALWAYS_EMBED_SWIFT_STANDARD_LIBRARIES = YES;
				BUNDLE_LOADER = "$(TEST_HOST)";
				CODE_SIGN_STYLE = Automatic;
				DEVELOPMENT_TEAM = AE8YM33757;
				INFOPLIST_FILE = FoodRecipeTests/Info.plist;
				IPHONEOS_DEPLOYMENT_TARGET = 14.5;
				LD_RUNPATH_SEARCH_PATHS = (
					"$(inherited)",
					"@executable_path/Frameworks",
					"@loader_path/Frameworks",
				);
				PRODUCT_BUNDLE_IDENTIFIER = com.techcribs.FoodRecipeTests;
				PRODUCT_NAME = "$(TARGET_NAME)";
				SWIFT_VERSION = 5.0;
				TARGETED_DEVICE_FAMILY = "1,2";
				TEST_HOST = "$(BUILT_PRODUCTS_DIR)/FoodRecipe.app/FoodRecipe";
			};
			name = Debug;
		};
		D01E4A9426B36BCE00ACBBAD /* Release */ = {
			isa = XCBuildConfiguration;
			buildSettings = {
				ALWAYS_EMBED_SWIFT_STANDARD_LIBRARIES = YES;
				BUNDLE_LOADER = "$(TEST_HOST)";
				CODE_SIGN_STYLE = Automatic;
				DEVELOPMENT_TEAM = AE8YM33757;
				INFOPLIST_FILE = FoodRecipeTests/Info.plist;
				IPHONEOS_DEPLOYMENT_TARGET = 14.5;
				LD_RUNPATH_SEARCH_PATHS = (
					"$(inherited)",
					"@executable_path/Frameworks",
					"@loader_path/Frameworks",
				);
				PRODUCT_BUNDLE_IDENTIFIER = com.techcribs.FoodRecipeTests;
				PRODUCT_NAME = "$(TARGET_NAME)";
				SWIFT_VERSION = 5.0;
				TARGETED_DEVICE_FAMILY = "1,2";
				TEST_HOST = "$(BUILT_PRODUCTS_DIR)/FoodRecipe.app/FoodRecipe";
			};
			name = Release;
		};
		D01E4A9626B36BCE00ACBBAD /* Debug */ = {
			isa = XCBuildConfiguration;
			buildSettings = {
				ALWAYS_EMBED_SWIFT_STANDARD_LIBRARIES = YES;
				CODE_SIGN_STYLE = Automatic;
				DEVELOPMENT_TEAM = AE8YM33757;
				INFOPLIST_FILE = FoodRecipeUITests/Info.plist;
				LD_RUNPATH_SEARCH_PATHS = (
					"$(inherited)",
					"@executable_path/Frameworks",
					"@loader_path/Frameworks",
				);
				PRODUCT_BUNDLE_IDENTIFIER = com.techcribs.FoodRecipeUITests;
				PRODUCT_NAME = "$(TARGET_NAME)";
				SWIFT_VERSION = 5.0;
				TARGETED_DEVICE_FAMILY = "1,2";
				TEST_TARGET_NAME = FoodRecipe;
			};
			name = Debug;
		};
		D01E4A9726B36BCE00ACBBAD /* Release */ = {
			isa = XCBuildConfiguration;
			buildSettings = {
				ALWAYS_EMBED_SWIFT_STANDARD_LIBRARIES = YES;
				CODE_SIGN_STYLE = Automatic;
				DEVELOPMENT_TEAM = AE8YM33757;
				INFOPLIST_FILE = FoodRecipeUITests/Info.plist;
				LD_RUNPATH_SEARCH_PATHS = (
					"$(inherited)",
					"@executable_path/Frameworks",
					"@loader_path/Frameworks",
				);
				PRODUCT_BUNDLE_IDENTIFIER = com.techcribs.FoodRecipeUITests;
				PRODUCT_NAME = "$(TARGET_NAME)";
				SWIFT_VERSION = 5.0;
				TARGETED_DEVICE_FAMILY = "1,2";
				TEST_TARGET_NAME = FoodRecipe;
			};
			name = Release;
		};
/* End XCBuildConfiguration section */

/* Begin XCConfigurationList section */
		D01E4A6026B36BC900ACBBAD /* Build configuration list for PBXProject "FoodRecipe" */ = {
			isa = XCConfigurationList;
			buildConfigurations = (
				D01E4A8D26B36BCE00ACBBAD /* Debug */,
				D01E4A8E26B36BCE00ACBBAD /* Release */,
			);
			defaultConfigurationIsVisible = 0;
			defaultConfigurationName = Release;
		};
		D01E4A8F26B36BCE00ACBBAD /* Build configuration list for PBXNativeTarget "FoodRecipe" */ = {
			isa = XCConfigurationList;
			buildConfigurations = (
				D01E4A9026B36BCE00ACBBAD /* Debug */,
				D01E4A9126B36BCE00ACBBAD /* Release */,
			);
			defaultConfigurationIsVisible = 0;
			defaultConfigurationName = Release;
		};
		D01E4A9226B36BCE00ACBBAD /* Build configuration list for PBXNativeTarget "FoodRecipeTests" */ = {
			isa = XCConfigurationList;
			buildConfigurations = (
				D01E4A9326B36BCE00ACBBAD /* Debug */,
				D01E4A9426B36BCE00ACBBAD /* Release */,
			);
			defaultConfigurationIsVisible = 0;
			defaultConfigurationName = Release;
		};
		D01E4A9526B36BCE00ACBBAD /* Build configuration list for PBXNativeTarget "FoodRecipeUITests" */ = {
			isa = XCConfigurationList;
			buildConfigurations = (
				D01E4A9626B36BCE00ACBBAD /* Debug */,
				D01E4A9726B36BCE00ACBBAD /* Release */,
			);
			defaultConfigurationIsVisible = 0;
			defaultConfigurationName = Release;
		};
/* End XCConfigurationList section */
	};
	rootObject = D01E4A5D26B36BC900ACBBAD /* Project object */;
}
